
Microsoft Visual Studio Solution File, Format Version 12.00
# Visual Studio Version 17
VisualStudioVersion = 17.0.31903.59
MinimumVisualStudioVersion = 10.0.40219.1
Project("{FAE04EC0-301F-11D3-BF4B-00C04F79EFBC}") = "RestSharp", "RestSharp\RestSharp.csproj", "{6E9FCFBE-A968-46C6-A39A-B914A77CD203}"
EndProject
Project("{FAE04EC0-301F-11D3-BF4B-00C04F79EFBC}") = "RestSharp.Tests", "RestSharp.Tests\RestSharp.Tests.csproj", "{74B538D5-B33B-4848-B43D-BD091534FCAC}"
EndProject
Project("{FAE04EC0-301F-11D3-BF4B-00C04F79EFBC}") = "RestSharp.IntegrationTests", "RestSharp.IntegrationTests\RestSharp.IntegrationTests.csproj", "{70E97007-E366-4D70-BB38-014FC21B9787}"
EndProject
Global
	GlobalSection(SolutionConfigurationPlatforms) = preSolution
		Debug|Any CPU = Debug|Any CPU
		Release|Any CPU = Release|Any CPU
	EndGlobalSection
	GlobalSection(SolutionProperties) = preSolution
		HideSolutionNode = FALSE
	EndGlobalSection
	GlobalSection(ProjectConfigurationPlatforms) = postSolution
		{6E9FCFBE-A968-46C6-A39A-B914A77CD203}.Debug|Any CPU.ActiveCfg = Debug|Any CPU
		{6E9FCFBE-A968-46C6-A39A-B914A77CD203}.Debug|Any CPU.Build.0 = Debug|Any CPU
		{6E9FCFBE-A968-46C6-A39A-B914A77CD203}.Release|Any CPU.ActiveCfg = Release|Any CPU
		{6E9FCFBE-A968-46C6-A39A-B914A77CD203}.Release|Any CPU.Build.0 = Release|Any CPU
		{74B538D5-B33B-4848-B43D-BD091534FCAC}.Debug|Any CPU.ActiveCfg = Debug|Any CPU
		{74B538D5-B33B-4848-B43D-BD091534FCAC}.Debug|Any CPU.Build.0 = Debug|Any CPU
		{74B538D5-B33B-4848-B43D-BD091534FCAC}.Release|Any CPU.ActiveCfg = Release|Any CPU
		{74B538D5-B33B-4848-B43D-BD091534FCAC}.Release|Any CPU.Build.0 = Release|Any CPU
		{70E97007-E366-4D70-BB38-014FC21B9787}.Debug|Any CPU.ActiveCfg = Debug|Any CPU
		{70E97007-E366-4D70-BB38-014FC21B9787}.Debug|Any CPU.Build.0 = Debug|Any CPU
		{70E97007-E366-4D70-BB38-014FC21B9787}.Release|Any CPU.ActiveCfg = Release|Any CPU
		{70E97007-E366-4D70-BB38-014FC21B9787}.Release|Any CPU.Build.0 = Release|Any CPU
	EndGlobalSection
EndGlobal
