
Microsoft Visual Studio Solution File, Format Version 12.00
# Visual Studio Version 17
VisualStudioVersion = 17.0.31903.59
MinimumVisualStudioVersion = 10.0.40219.1
Project("{FAE04EC0-301F-11D3-BF4B-00C04F79EFBC}") = "RestSharp", "RestSharp\RestSharp.csproj", "{D7EA553B-F89B-481C-9FB4-49F56E9E098D}"
EndProject
Project("{FAE04EC0-301F-11D3-BF4B-00C04F79EFBC}") = "RestSharp.Tests", "RestSharp.Tests\RestSharp.Tests.csproj", "{1AEE09AF-9A3A-4861-B152-11FD033C117B}"
EndProject
Project("{FAE04EC0-301F-11D3-BF4B-00C04F79EFBC}") = "RestSharp.IntegrationTests", "RestSharp.IntegrationTests\RestSharp.IntegrationTests.csproj", "{4F59B18B-AF8F-452B-A89E-DE6AE1C2BAFB}"
EndProject
Global
	GlobalSection(SolutionConfigurationPlatforms) = preSolution
		Debug|Any CPU = Debug|Any CPU
		Release|Any CPU = Release|Any CPU
	EndGlobalSection
	GlobalSection(SolutionProperties) = preSolution
		HideSolutionNode = FALSE
	EndGlobalSection
	GlobalSection(ProjectConfigurationPlatforms) = postSolution
		{D7EA553B-F89B-481C-9FB4-49F56E9E098D}.Debug|Any CPU.ActiveCfg = Debug|Any CPU
		{D7EA553B-F89B-481C-9FB4-49F56E9E098D}.Debug|Any CPU.Build.0 = Debug|Any CPU
		{D7EA553B-F89B-481C-9FB4-49F56E9E098D}.Release|Any CPU.ActiveCfg = Release|Any CPU
		{D7EA553B-F89B-481C-9FB4-49F56E9E098D}.Release|Any CPU.Build.0 = Release|Any CPU
		{1AEE09AF-9A3A-4861-B152-11FD033C117B}.Debug|Any CPU.ActiveCfg = Debug|Any CPU
		{1AEE09AF-9A3A-4861-B152-11FD033C117B}.Debug|Any CPU.Build.0 = Debug|Any CPU
		{1AEE09AF-9A3A-4861-B152-11FD033C117B}.Release|Any CPU.ActiveCfg = Release|Any CPU
		{1AEE09AF-9A3A-4861-B152-11FD033C117B}.Release|Any CPU.Build.0 = Release|Any CPU
		{4F59B18B-AF8F-452B-A89E-DE6AE1C2BAFB}.Debug|Any CPU.ActiveCfg = Debug|Any CPU
		{4F59B18B-AF8F-452B-A89E-DE6AE1C2BAFB}.Debug|Any CPU.Build.0 = Debug|Any CPU
		{4F59B18B-AF8F-452B-A89E-DE6AE1C2BAFB}.Release|Any CPU.ActiveCfg = Release|Any CPU
		{4F59B18B-AF8F-452B-A89E-DE6AE1C2BAFB}.Release|Any CPU.Build.0 = Release|Any CPU
	EndGlobalSection
EndGlobal
