Microsoft Visual Studio Solution File, Format Version 12.00
# Visual Studio Version 17
VisualStudioVersion = 17.0.31903.59
MinimumVisualStudioVersion = 10.0.40219.1
Project("{9A19103F-16F7-4668-BE54-9A1E7A4F7556}") = "RestSharp", "RestSharp\RestSharp.csproj", "{2ECECFBF-5F3E-40EE-A963-72336DC7ABE2}"
EndProject
Project("{9A19103F-16F7-4668-BE54-9A1E7A4F7556}") = "RestSharp.Tests", "RestSharp.Tests\RestSharp.Tests.csproj", "{1464E4AC-18BB-4F23-8A0B-68196F9E1871}"
EndProject
Project("{9A19103F-16F7-4668-BE54-9A1E7A4F7556}") = "RestSharp.IntegrationTests", "RestSharp.IntegrationTests\RestSharp.IntegrationTests.csproj", "{47D3EBB9-0300-4AF8-BAC5-740D51454A63}"
EndProject
Project("{2150E333-8FDC-42A3-9474-1A3956D46DE8}") = "NuGet", "NuGet", "{E709A928-A45C-4622-A35C-CCD8EE44CA80}"
	ProjectSection(SolutionItems) = preProject
		restsharp.nuspec = restsharp.nuspec
	EndProjectSection
EndProject
Global
	GlobalSection(SolutionConfigurationPlatforms) = preSolution
		Debug|Any CPU = Debug|Any CPU
		Release|Any CPU = Release|Any CPU
	EndGlobalSection
	GlobalSection(ProjectConfigurationPlatforms) = postSolution
		{2ECECFBF-5F3E-40EE-A963-72336DC7ABE2}.Debug|Any CPU.ActiveCfg = Debug|Any CPU
		{2ECECFBF-5F3E-40EE-A963-72336DC7ABE2}.Debug|Any CPU.Build.0 = Debug|Any CPU
		{2ECECFBF-5F3E-40EE-A963-72336DC7ABE2}.Release|Any CPU.ActiveCfg = Release|Any CPU
		{2ECECFBF-5F3E-40EE-A963-72336DC7ABE2}.Release|Any CPU.Build.0 = Release|Any CPU
		{1464E4AC-18BB-4F23-8A0B-68196F9E1871}.Debug|Any CPU.ActiveCfg = Debug|Any CPU
		{1464E4AC-18BB-4F23-8A0B-68196F9E1871}.Debug|Any CPU.Build.0 = Debug|Any CPU
		{1464E4AC-18BB-4F23-8A0B-68196F9E1871}.Release|Any CPU.ActiveCfg = Release|Any CPU
		{1464E4AC-18BB-4F23-8A0B-68196F9E1871}.Release|Any CPU.Build.0 = Release|Any CPU
		{47D3EBB9-0300-4AF8-BAC5-740D51454A63}.Debug|Any CPU.ActiveCfg = Debug|Any CPU
		{47D3EBB9-0300-4AF8-BAC5-740D51454A63}.Debug|Any CPU.Build.0 = Debug|Any CPU
		{47D3EBB9-0300-4AF8-BAC5-740D51454A63}.Release|Any CPU.ActiveCfg = Release|Any CPU
		{47D3EBB9-0300-4AF8-BAC5-740D51454A63}.Release|Any CPU.Build.0 = Release|Any CPU
	EndGlobalSection
	GlobalSection(SolutionProperties) = preSolution
		HideSolutionNode = FALSE
	EndGlobalSection
	GlobalSection(ExtensibilityGlobals) = postSolution
		SolutionGuid = {12345678-1234-1234-1234-123456789012}
	EndGlobalSection
EndGlobal
